
Microsoft Visual Studio Solution File, Format Version 12.00
# Visual Studio Version 16
VisualStudioVersion = 16.0.28407.52
MinimumVisualStudioVersion = 10.0.40219.1
Project("{8BC9CEB8-8B4A-11D0-8D11-00A0C91BC942}") = "server_stat", "server_stat.vcxproj", "{F2BAEA46-D5AF-49A8-9F9B-FAA2715BB9E0}"
EndProject
Global
	GlobalSection(SolutionConfigurationPlatforms) = preSolution
		Debug|x64 = Debug|x64
		Debug|x86 = Debug|x86
		Release|x64 = Release|x64
		Release|x86 = Release|x86
	EndGlobalSection
	GlobalSection(ProjectConfigurationPlatforms) = postSolution
		{F2BAEA46-D5AF-49A8-9F9B-FAA2715BB9E0}.Debug|x64.ActiveCfg = Debug|x64
		{F2BAEA46-D5AF-49A8-9F9B-FAA2715BB9E0}.Debug|x64.Build.0 = Debug|x64
		{F2BAEA46-D5AF-49A8-9F9B-FAA2715BB9E0}.Debug|x86.ActiveCfg = Debug|Win32
		{F2BAEA46-D5AF-49A8-9F9B-FAA2715BB9E0}.Debug|x86.Build.0 = Debug|Win32
		{F2BAEA46-D5AF-49A8-9F9B-FAA2715BB9E0}.Release|x64.ActiveCfg = Release|x64
		{F2BAEA46-D5AF-49A8-9F9B-FAA2715BB9E0}.Release|x64.Build.0 = Release|x64
		{F2BAEA46-D5AF-49A8-9F9B-FAA2715BB9E0}.Release|x86.ActiveCfg = Release|Win32
		{F2BAEA46-D5AF-49A8-9F9B-FAA2715BB9E0}.Release|x86.Build.0 = Release|Win32
	EndGlobalSection
	GlobalSection(SolutionProperties) = preSolution
		HideSolutionNode = FALSE
	EndGlobalSection
	GlobalSection(ExtensibilityGlobals) = postSolution
		SolutionGuid = {82C21022-C3D1-4065-B0FE-FB407F3584BE}
	EndGlobalSection
EndGlobal
